{
  "requires": true,
  "lockfileVersion": 1,
  "dependencies": {
    "@angular/cdk": {
      "version": "9.1.0",
      "resolved": "https://registry.npmjs.org/@angular/cdk/-/cdk-9.1.0.tgz",
      "integrity": "sha512-qKpAudJx9z0MD+ADptS0OZViJBTA49+JCKym0hPQUkcB9Po4Al6gu6oZ1VSXV5Ln3T84z9aAw/AhUGP/YCFNSQ==",
      "requires": {
        "parse5": "^5.0.0"
      }
    },
    "parse5": {
      "version": "5.1.1",
      "resolved": "https://registry.npmjs.org/parse5/-/parse5-5.1.1.tgz",
      "integrity": "sha512-ugq4DFI0Ptb+WWjAdOK16+u/nHfiIrcE+sh8kZMaM0WllQKLI9rOUq6c2b7cwPkXdzfQESqvoqK6ug7U/Yyzug=="
    }
  }
}
